Microsoft Visual Studio Solution File, Format Version 12.00
# Visual Studio Version 17
VisualStudioVersion = 17.5.2.0
MinimumVisualStudioVersion = 10.0.40219.1
Project("{FAE04EC0-301F-11D3-BF4B-00C04F79EFBC}") = "LanguageServiceDemo", "LanguageServiceDemo.csproj", "{A951753F-8F67-4D9D-70E0-C30D4B076254}"
EndProject
Global
	GlobalSection(SolutionConfigurationPlatforms) = preSolution
		Debug|Any CPU = Debug|Any CPU
		Release|Any CPU = Release|Any CPU
	EndGlobalSection
	GlobalSection(ProjectConfigurationPlatforms) = postSolution
		{A951753F-8F67-4D9D-70E0-C30D4B076254}.Debug|Any CPU.ActiveCfg = Debug|Any CPU
		{A951753F-8F67-4D9D-70E0-C30D4B076254}.Debug|Any CPU.Build.0 = Debug|Any CPU
		{A951753F-8F67-4D9D-70E0-C30D4B076254}.Release|Any CPU.ActiveCfg = Release|Any CPU
		{A951753F-8F67-4D9D-70E0-C30D4B076254}.Release|Any CPU.Build.0 = Release|Any CPU
	EndGlobalSection
	GlobalSection(SolutionProperties) = preSolution
		HideSolutionNode = FALSE
	EndGlobalSection
	GlobalSection(ExtensibilityGlobals) = postSolution
		SolutionGuid = {81DF9917-2300-4AB5-A722-FAF40AAE558F}
	EndGlobalSection
EndGlobal
