
Microsoft Visual Studio Solution File, Format Version 12.00
# Visual Studio Version 17
VisualStudioVersion = 17.4.33213.308
MinimumVisualStudioVersion = 10.0.40219.1
Project("{FAE04EC0-301F-11D3-BF4B-00C04F79EFBC}") = "SpeechToText", "SpeechToText\SpeechToText.csproj", "{D0F016E0-13CA-4C80-9A5B-D8DB6188CF6D}"
EndProject
Global
	GlobalSection(SolutionConfigurationPlatforms) = preSolution
		Debug|Any CPU = Debug|Any CPU
		Release|Any CPU = Release|Any CPU
	EndGlobalSection
	GlobalSection(ProjectConfigurationPlatforms) = postSolution
		{D0F016E0-13CA-4C80-9A5B-D8DB6188CF6D}.Debug|Any CPU.ActiveCfg = Debug|Any CPU
		{D0F016E0-13CA-4C80-9A5B-D8DB6188CF6D}.Debug|Any CPU.Build.0 = Debug|Any CPU
		{D0F016E0-13CA-4C80-9A5B-D8DB6188CF6D}.Release|Any CPU.ActiveCfg = Release|Any CPU
		{D0F016E0-13CA-4C80-9A5B-D8DB6188CF6D}.Release|Any CPU.Build.0 = Release|Any CPU
	EndGlobalSection
	GlobalSection(SolutionProperties) = preSolution
		HideSolutionNode = FALSE
	EndGlobalSection
	GlobalSection(ExtensibilityGlobals) = postSolution
		SolutionGuid = {BEA299B9-59D2-4A9F-AAB2-174303B0C983}
	EndGlobalSection
EndGlobal
